// !$*UTF8*$!
{
	archiveVersion = 1;
	classes = {
	};
	objectVersion = 46;
	objects = {

/* Begin PBXBuildFile section */
		072E68B51B8590B30088AE36 /* PlaylistViewController.swift in Sources */ = {isa = PBXBuildFile; fileRef = 072E68B41B8590B30088AE36 /* PlaylistViewController.swift */; };
		07A6BCC91B815E65003EF8BD /* AppDelegate.swift in Sources */ = {isa = PBXBuildFile; fileRef = 07A6BCC81B815E65003EF8BD /* AppDelegate.swift */; };
		07A6BCCB1B815E65003EF8BD /* ViewController.swift in Sources */ = {isa = PBXBuildFile; fileRef = 07A6BCCA1B815E65003EF8BD /* ViewController.swift */; };
		07A6BCCE1B815E65003EF8BD /* Main.storyboard in Resources */ = {isa = PBXBuildFile; fileRef = 07A6BCCC1B815E65003EF8BD /* Main.storyboard */; };
		07A6BCD01B815E65003EF8BD /* Assets.xcassets in Resources */ = {isa = PBXBuildFile; fileRef = 07A6BCCF1B815E65003EF8BD /* Assets.xcassets */; };
		07A6BCD31B815E65003EF8BD /* LaunchScreen.storyboard in Resources */ = {isa = PBXBuildFile; fileRef = 07A6BCD11B815E65003EF8BD /* LaunchScreen.storyboard */; };
		07A6BCDE1B815E65003EF8BD /* ContainerViewTestTests.swift in Sources */ = {isa = PBXBuildFile; fileRef = 07A6BCDD1B815E65003EF8BD /* ContainerViewTestTests.swift */; };
		07A6BCE91B815E65003EF8BD /* ContainerViewTestUITests.swift in Sources */ = {isa = PBXBuildFile; fileRef = 07A6BCE81B815E65003EF8BD /* ContainerViewTestUITests.swift */; };
		07A6BCF81B81601E003EF8BD /* PlayerVC.swift in Sources */ = {isa = PBXBuildFile; fileRef = 07A6BCF61B81601E003EF8BD /* PlayerVC.swift */; };
		07A6BCF91B81601E003EF8BD /* PlayerVC.swift in Sources */ = {isa = PBXBuildFile; fileRef = 07A6BCF61B81601E003EF8BD /* PlayerVC.swift */; };
		07A6BCFA1B81601E003EF8BD /* PlayerVC.swift in Sources */ = {isa = PBXBuildFile; fileRef = 07A6BCF61B81601E003EF8BD /* PlayerVC.swift */; };
		07A6BCFB1B81601E003EF8BD /* PlayerVC.xib in Resources */ = {isa = PBXBuildFile; fileRef = 07A6BCF71B81601E003EF8BD /* PlayerVC.xib */; };
		07A6BCFC1B81601E003EF8BD /* PlayerVC.xib in Resources */ = {isa = PBXBuildFile; fileRef = 07A6BCF71B81601E003EF8BD /* PlayerVC.xib */; };
		07A6BCFD1B81601E003EF8BD /* PlayerVC.xib in Resources */ = {isa = PBXBuildFile; fileRef = 07A6BCF71B81601E003EF8BD /* PlayerVC.xib */; };
		07F79A3C1B82675000ABBE20 /* RAMBounceAnimation.swift in Sources */ = {isa = PBXBuildFile; fileRef = 07F79A311B82675000ABBE20 /* RAMBounceAnimation.swift */; };
		07F79A3D1B82675000ABBE20 /* RAMFrameItemAnimation.swift in Sources */ = {isa = PBXBuildFile; fileRef = 07F79A331B82675000ABBE20 /* RAMFrameItemAnimation.swift */; };
		07F79A3E1B82675000ABBE20 /* RAMFumeAnimation.swift in Sources */ = {isa = PBXBuildFile; fileRef = 07F79A351B82675000ABBE20 /* RAMFumeAnimation.swift */; };
		07F79A3F1B82675000ABBE20 /* RAMRotationAnimation.swift in Sources */ = {isa = PBXBuildFile; fileRef = 07F79A371B82675000ABBE20 /* RAMRotationAnimation.swift */; };
		07F79A401B82675000ABBE20 /* RAMTransitionItemAnimation.swift in Sources */ = {isa = PBXBuildFile; fileRef = 07F79A391B82675000ABBE20 /* RAMTransitionItemAnimation.swift */; };
		07F79A411B82675000ABBE20 /* RAMAnimatedTabBarController.swift in Sources */ = {isa = PBXBuildFile; fileRef = 07F79A3A1B82675000ABBE20 /* RAMAnimatedTabBarController.swift */; };
		07F79A421B82675000ABBE20 /* RAMItemAnimationProtocol.swift in Sources */ = {isa = PBXBuildFile; fileRef = 07F79A3B1B82675000ABBE20 /* RAMItemAnimationProtocol.swift */; };
/* End PBXBuildFile section */

/* Begin PBXContainerItemProxy section */
		07A6BCDA1B815E65003EF8BD /* PBXContainerItemProxy */ = {
			isa = PBXContainerItemProxy;
			containerPortal = 07A6BCBD1B815E65003EF8BD /* Project object */;
			proxyType = 1;
			remoteGlobalIDString = 07A6BCC41B815E65003EF8BD;
			remoteInfo = ContainerViewTest;
		};
		07A6BCE51B815E65003EF8BD /* PBXContainerItemProxy */ = {
			isa = PBXContainerItemProxy;
			containerPortal = 07A6BCBD1B815E65003EF8BD /* Project object */;
			proxyType = 1;
			remoteGlobalIDString = 07A6BCC41B815E65003EF8BD;
			remoteInfo = ContainerViewTest;
		};
/* End PBXContainerItemProxy section */

/* Begin PBXFileReference section */
		072E68B41B8590B30088AE36 /* PlaylistViewController.swift */ = {isa = PBXFileReference; fileEncoding = 4; lastKnownFileType = sourcecode.swift; path = PlaylistViewController.swift; sourceTree = "<group>"; };
		07A6BCC51B815E65003EF8BD /* ContainerViewTest.app */ = {isa = PBXFileReference; explicitFileType = wrapper.application; includeInIndex = 0; path = ContainerViewTest.app; sourceTree = BUILT_PRODUCTS_DIR; };
		07A6BCC81B815E65003EF8BD /* AppDelegate.swift */ = {isa = PBXFileReference; lastKnownFileType = sourcecode.swift; path = AppDelegate.swift; sourceTree = "<group>"; };
		07A6BCCA1B815E65003EF8BD /* ViewController.swift */ = {isa = PBXFileReference; lastKnownFileType = sourcecode.swift; path = ViewController.swift; sourceTree = "<group>"; };
		07A6BCCD1B815E65003EF8BD /* Base */ = {isa = PBXFileReference; lastKnownFileType = file.storyboard; name = Base; path = Base.lproj/Main.storyboard; sourceTree = "<group>"; };
		07A6BCCF1B815E65003EF8BD /* Assets.xcassets */ = {isa = PBXFileReference; lastKnownFileType = folder.assetcatalog; path = Assets.xcassets; sourceTree = "<group>"; };
		07A6BCD21B815E65003EF8BD /* Base */ = {isa = PBXFileReference; lastKnownFileType = file.storyboard; name = Base; path = Base.lproj/LaunchScreen.storyboard; sourceTree = "<group>"; };
		07A6BCD41B815E65003EF8BD /* Info.plist */ = {isa = PBXFileReference; lastKnownFileType = text.plist.xml; path = Info.plist; sourceTree = "<group>"; };
		07A6BCD91B815E65003EF8BD /* ContainerViewTestTests.xctest */ = {isa = PBXFileReference; explicitFileType = wrapper.cfbundle; includeInIndex = 0; path = ContainerViewTestTests.xctest; sourceTree = BUILT_PRODUCTS_DIR; };
		07A6BCDD1B815E65003EF8BD /* ContainerViewTestTests.swift */ = {isa = PBXFileReference; lastKnownFileType = sourcecode.swift; path = ContainerViewTestTests.swift; sourceTree = "<group>"; };
		07A6BCDF1B815E65003EF8BD /* Info.plist */ = {isa = PBXFileReference; lastKnownFileType = text.plist.xml; path = Info.plist; sourceTree = "<group>"; };
		07A6BCE41B815E65003EF8BD /* ContainerViewTestUITests.xctest */ = {isa = PBXFileReference; explicitFileType = wrapper.cfbundle; includeInIndex = 0; path = ContainerViewTestUITests.xctest; sourceTree = BUILT_PRODUCTS_DIR; };
		07A6BCE81B815E65003EF8BD /* ContainerViewTestUITests.swift */ = {isa = PBXFileReference; lastKnownFileType = sourcecode.swift; path = ContainerViewTestUITests.swift; sourceTree = "<group>"; };
		07A6BCEA1B815E65003EF8BD /* Info.plist */ = {isa = PBXFileReference; lastKnownFileType = text.plist.xml; path = Info.plist; sourceTree = "<group>"; };
		07A6BCF61B81601E003EF8BD /* PlayerVC.swift */ = {isa = PBXFileReference; fileEncoding = 4; lastKnownFileType = sourcecode.swift; path = PlayerVC.swift; sourceTree = "<group>"; };
		07A6BCF71B81601E003EF8BD /* PlayerVC.xib */ = {isa = PBXFileReference; fileEncoding = 4; lastKnownFileType = file.xib; path = PlayerVC.xib; sourceTree = "<group>"; };
		07F79A311B82675000ABBE20 /* RAMBounceAnimation.swift */ = {isa = PBXFileReference; fileEncoding = 4; lastKnownFileType = sourcecode.swift; path = RAMBounceAnimation.swift; sourceTree = "<group>"; };
		07F79A331B82675000ABBE20 /* RAMFrameItemAnimation.swift */ = {isa = PBXFileReference; fileEncoding = 4; lastKnownFileType = sourcecode.swift; path = RAMFrameItemAnimation.swift; sourceTree = "<group>"; };
		07F79A351B82675000ABBE20 /* RAMFumeAnimation.swift */ = {isa = PBXFileReference; fileEncoding = 4; lastKnownFileType = sourcecode.swift; path = RAMFumeAnimation.swift; sourceTree = "<group>"; };
		07F79A371B82675000ABBE20 /* RAMRotationAnimation.swift */ = {isa = PBXFileReference; fileEncoding = 4; lastKnownFileType = sourcecode.swift; path = RAMRotationAnimation.swift; sourceTree = "<group>"; };
		07F79A391B82675000ABBE20 /* RAMTransitionItemAnimation.swift */ = {isa = PBXFileReference; fileEncoding = 4; lastKnownFileType = sourcecode.swift; path = RAMTransitionItemAnimation.swift; sourceTree = "<group>"; };
		07F79A3A1B82675000ABBE20 /* RAMAnimatedTabBarController.swift */ = {isa = PBXFileReference; fileEncoding = 4; lastKnownFileType = sourcecode.swift; path = RAMAnimatedTabBarController.swift; sourceTree = "<group>"; };
		07F79A3B1B82675000ABBE20 /* RAMItemAnimationProtocol.swift */ = {isa = PBXFileReference; fileEncoding = 4; lastKnownFileType = sourcecode.swift; path = RAMItemAnimationProtocol.swift; sourceTree = "<group>"; };
/* End PBXFileReference section */

/* Begin PBXFrameworksBuildPhase section */
		07A6BCC21B815E65003EF8BD /* Frameworks */ = {
			isa = PBXFrameworksBuildPhase;
			buildActionMask = 2147483647;
			files = (
			);
			runOnlyForDeploymentPostprocessing = 0;
		};
		07A6BCD61B815E65003EF8BD /* Frameworks */ = {
			isa = PBXFrameworksBuildPhase;
			buildActionMask = 2147483647;
			files = (
			);
			runOnlyForDeploymentPostprocessing = 0;
		};
		07A6BCE11B815E65003EF8BD /* Frameworks */ = {
			isa = PBXFrameworksBuildPhase;
			buildActionMask = 2147483647;
			files = (
			);
			runOnlyForDeploymentPostprocessing = 0;
		};
/* End PBXFrameworksBuildPhase section */

/* Begin PBXGroup section */
		07A6BCBC1B815E65003EF8BD = {
			isa = PBXGroup;
			children = (
				07A6BCC71B815E65003EF8BD /* ContainerViewTest */,
				07A6BCDC1B815E65003EF8BD /* ContainerViewTestTests */,
				07A6BCE71B815E65003EF8BD /* ContainerViewTestUITests */,
				07A6BCC61B815E65003EF8BD /* Products */,
			);
			sourceTree = "<group>";
		};
		07A6BCC61B815E65003EF8BD /* Products */ = {
			isa = PBXGroup;
			children = (
				07A6BCC51B815E65003EF8BD /* ContainerViewTest.app */,
				07A6BCD91B815E65003EF8BD /* ContainerViewTestTests.xctest */,
				07A6BCE41B815E65003EF8BD /* ContainerViewTestUITests.xctest */,
			);
			name = Products;
			sourceTree = "<group>";
		};
		07A6BCC71B815E65003EF8BD /* ContainerViewTest */ = {
			isa = PBXGroup;
			children = (
				07F79A2E1B82675000ABBE20 /* RAMAnimatedTabBarController */,
				07A6BCC81B815E65003EF8BD /* AppDelegate.swift */,
				07A6BCCA1B815E65003EF8BD /* ViewController.swift */,
				072E68B41B8590B30088AE36 /* PlaylistViewController.swift */,
				07A6BCCC1B815E65003EF8BD /* Main.storyboard */,
				07A6BCF61B81601E003EF8BD /* PlayerVC.swift */,
				07A6BCF71B81601E003EF8BD /* PlayerVC.xib */,
				07A6BCCF1B815E65003EF8BD /* Assets.xcassets */,
				07A6BCD11B815E65003EF8BD /* LaunchScreen.storyboard */,
				07A6BCD41B815E65003EF8BD /* Info.plist */,
			);
			path = ContainerViewTest;
			sourceTree = "<group>";
		};
		07A6BCDC1B815E65003EF8BD /* ContainerViewTestTests */ = {
			isa = PBXGroup;
			children = (
				07A6BCDD1B815E65003EF8BD /* ContainerViewTestTests.swift */,
				07A6BCDF1B815E65003EF8BD /* Info.plist */,
			);
			path = ContainerViewTestTests;
			sourceTree = "<group>";
		};
		07A6BCE71B815E65003EF8BD /* ContainerViewTestUITests */ = {
			isa = PBXGroup;
			children = (
				07A6BCE81B815E65003EF8BD /* ContainerViewTestUITests.swift */,
				07A6BCEA1B815E65003EF8BD /* Info.plist */,
			);
			path = ContainerViewTestUITests;
			sourceTree = "<group>";
		};
		07F79A2E1B82675000ABBE20 /* RAMAnimatedTabBarController */ = {
			isa = PBXGroup;
			children = (
				07F79A2F1B82675000ABBE20 /* Animations */,
				07F79A3A1B82675000ABBE20 /* RAMAnimatedTabBarController.swift */,
				07F79A3B1B82675000ABBE20 /* RAMItemAnimationProtocol.swift */,
			);
			path = RAMAnimatedTabBarController;
			sourceTree = "<group>";
		};
		07F79A2F1B82675000ABBE20 /* Animations */ = {
			isa = PBXGroup;
			children = (
				07F79A301B82675000ABBE20 /* BounceAnimation */,
				07F79A321B82675000ABBE20 /* FrameAnimation */,
				07F79A341B82675000ABBE20 /* FumeAnimation */,
				07F79A361B82675000ABBE20 /* RotationAnimation */,
				07F79A381B82675000ABBE20 /* TransitionAniamtions */,
			);
			path = Animations;
			sourceTree = "<group>";
		};
		07F79A301B82675000ABBE20 /* BounceAnimation */ = {
			isa = PBXGroup;
			children = (
				07F79A311B82675000ABBE20 /* RAMBounceAnimation.swift */,
			);
			path = BounceAnimation;
			sourceTree = "<group>";
		};
		07F79A321B82675000ABBE20 /* FrameAnimation */ = {
			isa = PBXGroup;
			children = (
				07F79A331B82675000ABBE20 /* RAMFrameItemAnimation.swift */,
			);
			path = FrameAnimation;
			sourceTree = "<group>";
		};
		07F79A341B82675000ABBE20 /* FumeAnimation */ = {
			isa = PBXGroup;
			children = (
				07F79A351B82675000ABBE20 /* RAMFumeAnimation.swift */,
			);
			path = FumeAnimation;
			sourceTree = "<group>";
		};
		07F79A361B82675000ABBE20 /* RotationAnimation */ = {
			isa = PBXGroup;
			children = (
				07F79A371B82675000ABBE20 /* RAMRotationAnimation.swift */,
			);
			path = RotationAnimation;
			sourceTree = "<group>";
		};
		07F79A381B82675000ABBE20 /* TransitionAniamtions */ = {
			isa = PBXGroup;
			children = (
				07F79A391B82675000ABBE20 /* RAMTransitionItemAnimation.swift */,
			);
			path = TransitionAniamtions;
			sourceTree = "<group>";
		};
/* End PBXGroup section */

/* Begin PBXNativeTarget section */
		07A6BCC41B815E65003EF8BD /* ContainerViewTest */ = {
			isa = PBXNativeTarget;
			buildConfigurationList = 07A6BCED1B815E65003EF8BD /* Build configuration list for PBXNativeTarget "ContainerViewTest" */;
			buildPhases = (
				07A6BCC11B815E65003EF8BD /* Sources */,
				07A6BCC21B815E65003EF8BD /* Frameworks */,
				07A6BCC31B815E65003EF8BD /* Resources */,
			);
			buildRules = (
			);
			dependencies = (
			);
			name = ContainerViewTest;
			productName = ContainerViewTest;
			productReference = 07A6BCC51B815E65003EF8BD /* ContainerViewTest.app */;
			productType = "com.apple.product-type.application";
		};
		07A6BCD81B815E65003EF8BD /* ContainerViewTestTests */ = {
			isa = PBXNativeTarget;
			buildConfigurationList = 07A6BCF01B815E65003EF8BD /* Build configuration list for PBXNativeTarget "ContainerViewTestTests" */;
			buildPhases = (
				07A6BCD51B815E65003EF8BD /* Sources */,
				07A6BCD61B815E65003EF8BD /* Frameworks */,
				07A6BCD71B815E65003EF8BD /* Resources */,
			);
			buildRules = (
			);
			dependencies = (
				07A6BCDB1B815E65003EF8BD /* PBXTargetDependency */,
			);
			name = ContainerViewTestTests;
			productName = ContainerViewTestTests;
			productReference = 07A6BCD91B815E65003EF8BD /* ContainerViewTestTests.xctest */;
			productType = "com.apple.product-type.bundle.unit-test";
		};
		07A6BCE31B815E65003EF8BD /* ContainerViewTestUITests */ = {
			isa = PBXNativeTarget;
			buildConfigurationList = 07A6BCF31B815E65003EF8BD /* Build configuration list for PBXNativeTarget "ContainerViewTestUITests" */;
			buildPhases = (
				07A6BCE01B815E65003EF8BD /* Sources */,
				07A6BCE11B815E65003EF8BD /* Frameworks */,
				07A6BCE21B815E65003EF8BD /* Resources */,
			);
			buildRules = (
			);
			dependencies = (
				07A6BCE61B815E65003EF8BD /* PBXTargetDependency */,
			);
			name = ContainerViewTestUITests;
			productName = ContainerViewTestUITests;
			productReference = 07A6BCE41B815E65003EF8BD /* ContainerViewTestUITests.xctest */;
			productType = "com.apple.product-type.bundle.ui-testing";
		};
/* End PBXNativeTarget section */

/* Begin PBXProject section */
		07A6BCBD1B815E65003EF8BD /* Project object */ = {
			isa = PBXProject;
			attributes = {
				LastUpgradeCheck = 0700;
				ORGANIZATIONNAME = "Eric Nelson";
				TargetAttributes = {
					07A6BCC41B815E65003EF8BD = {
						CreatedOnToolsVersion = 7.0;
					};
					07A6BCD81B815E65003EF8BD = {
						CreatedOnToolsVersion = 7.0;
						TestTargetID = 07A6BCC41B815E65003EF8BD;
					};
					07A6BCE31B815E65003EF8BD = {
						CreatedOnToolsVersion = 7.0;
						TestTargetID = 07A6BCC41B815E65003EF8BD;
					};
				};
			};
			buildConfigurationList = 07A6BCC01B815E65003EF8BD /* Build configuration list for PBXProject "ContainerViewTest" */;
			compatibilityVersion = "Xcode 3.2";
			developmentRegion = English;
			hasScannedForEncodings = 0;
			knownRegions = (
				en,
				Base,
			);
			mainGroup = 07A6BCBC1B815E65003EF8BD;
			productRefGroup = 07A6BCC61B815E65003EF8BD /* Products */;
			projectDirPath = "";
			projectRoot = "";
			targets = (
				07A6BCC41B815E65003EF8BD /* ContainerViewTest */,
				07A6BCD81B815E65003EF8BD /* ContainerViewTestTests */,
				07A6BCE31B815E65003EF8BD /* ContainerViewTestUITests */,
			);
		};
/* End PBXProject section */

/* Begin PBXResourcesBuildPhase section */
		07A6BCC31B815E65003EF8BD /* Resources */ = {
			isa = PBXResourcesBuildPhase;
			buildActionMask = 2147483647;
			files = (
				07A6BCD31B815E65003EF8BD /* LaunchScreen.storyboard in Resources */,
				07A6BCD01B815E65003EF8BD /* Assets.xcassets in Resources */,
				07A6BCCE1B815E65003EF8BD /* Main.storyboard in Resources */,
				07A6BCFB1B81601E003EF8BD /* PlayerVC.xib in Resources */,
			);
			runOnlyForDeploymentPostprocessing = 0;
		};
		07A6BCD71B815E65003EF8BD /* Resources */ = {
			isa = PBXResourcesBuildPhase;
			buildActionMask = 2147483647;
			files = (
				07A6BCFC1B81601E003EF8BD /* PlayerVC.xib in Resources */,
			);
			runOnlyForDeploymentPostprocessing = 0;
		};
		07A6BCE21B815E65003EF8BD /* Resources */ = {
			isa = PBXResourcesBuildPhase;
			buildActionMask = 2147483647;
			files = (
				07A6BCFD1B81601E003EF8BD /* PlayerVC.xib in Resources */,
			);
			runOnlyForDeploymentPostprocessing = 0;
		};
/* End PBXResourcesBuildPhase section */

/* Begin PBXSourcesBuildPhase section */
		07A6BCC11B815E65003EF8BD /* Sources */ = {
			isa = PBXSourcesBuildPhase;
			buildActionMask = 2147483647;
			files = (
				07A6BCF81B81601E003EF8BD /* PlayerVC.swift in Sources */,
				07F79A411B82675000ABBE20 /* RAMAnimatedTabBarController.swift in Sources */,
				07A6BCCB1B815E65003EF8BD /* ViewController.swift in Sources */,
				07F79A401B82675000ABBE20 /* RAMTransitionItemAnimation.swift in Sources */,
				07F79A421B82675000ABBE20 /* RAMItemAnimationProtocol.swift in Sources */,
				07A6BCC91B815E65003EF8BD /* AppDelegate.swift in Sources */,
				07F79A3F1B82675000ABBE20 /* RAMRotationAnimation.swift in Sources */,
				072E68B51B8590B30088AE36 /* PlaylistViewController.swift in Sources */,
				07F79A3D1B82675000ABBE20 /* RAMFrameItemAnimation.swift in Sources */,
				07F79A3E1B82675000ABBE20 /* RAMFumeAnimation.swift in Sources */,
				07F79A3C1B82675000ABBE20 /* RAMBounceAnimation.swift in Sources */,
			);
			runOnlyForDeploymentPostprocessing = 0;
		};
		07A6BCD51B815E65003EF8BD /* Sources */ = {
			isa = PBXSourcesBuildPhase;
			buildActionMask = 2147483647;
			files = (
				07A6BCDE1B815E65003EF8BD /* ContainerViewTestTests.swift in Sources */,
				07A6BCF91B81601E003EF8BD /* PlayerVC.swift in Sources */,
			);
			runOnlyForDeploymentPostprocessing = 0;
		};
		07A6BCE01B815E65003EF8BD /* Sources */ = {
			isa = PBXSourcesBuildPhase;
			buildActionMask = 2147483647;
			files = (
				07A6BCE91B815E65003EF8BD /* ContainerViewTestUITests.swift in Sources */,
				07A6BCFA1B81601E003EF8BD /* PlayerVC.swift in Sources */,
			);
			runOnlyForDeploymentPostprocessing = 0;
		};
/* End PBXSourcesBuildPhase section */

/* Begin PBXTargetDependency section */
		07A6BCDB1B815E65003EF8BD /* PBXTargetDependency */ = {
			isa = PBXTargetDependency;
			target = 07A6BCC41B815E65003EF8BD /* ContainerViewTest */;
			targetProxy = 07A6BCDA1B815E65003EF8BD /* PBXContainerItemProxy */;
		};
		07A6BCE61B815E65003EF8BD /* PBXTargetDependency */ = {
			isa = PBXTargetDependency;
			target = 07A6BCC41B815E65003EF8BD /* ContainerViewTest */;
			targetProxy = 07A6BCE51B815E65003EF8BD /* PBXContainerItemProxy */;
		};
/* End PBXTargetDependency section */

/* Begin PBXVariantGroup section */
		07A6BCCC1B815E65003EF8BD /* Main.storyboard */ = {
			isa = PBXVariantGroup;
			children = (
				07A6BCCD1B815E65003EF8BD /* Base */,
			);
			name = Main.storyboard;
			sourceTree = "<group>";
		};
		07A6BCD11B815E65003EF8BD /* LaunchScreen.storyboard */ = {
			isa = PBXVariantGroup;
			children = (
				07A6BCD21B815E65003EF8BD /* Base */,
			);
			name = LaunchScreen.storyboard;
			sourceTree = "<group>";
		};
/* End PBXVariantGroup section */

/* Begin XCBuildConfiguration section */
		07A6BCEB1B815E65003EF8BD /* Debug */ = {
			isa = XCBuildConfiguration;
			buildSettings = {
				ALWAYS_SEARCH_USER_PATHS = NO;
				CLANG_CXX_LANGUAGE_STANDARD = "gnu++0x";
				CLANG_CXX_LIBRARY = "libc++";
				CLANG_ENABLE_MODULES = YES;
				CLANG_ENABLE_OBJC_ARC = YES;
				CLANG_WARN_BOOL_CONVERSION = YES;
				CLANG_WARN_CONSTANT_CONVERSION = YES;
				CLANG_WARN_DIRECT_OBJC_ISA_USAGE = YES_ERROR;
				CLANG_WARN_EMPTY_BODY = YES;
				CLANG_WARN_ENUM_CONVERSION = YES;
				CLANG_WARN_INT_CONVERSION = YES;
				CLANG_WARN_OBJC_ROOT_CLASS = YES_ERROR;
				CLANG_WARN_UNREACHABLE_CODE = YES;
				CLANG_WARN__DUPLICATE_METHOD_MATCH = YES;
				"CODE_SIGN_IDENTITY[sdk=iphoneos*]" = "iPhone Developer";
				COPY_PHASE_STRIP = NO;
				DEBUG_INFORMATION_FORMAT = dwarf;
				ENABLE_STRICT_OBJC_MSGSEND = YES;
				ENABLE_TESTABILITY = YES;
				GCC_C_LANGUAGE_STANDARD = gnu99;
				GCC_DYNAMIC_NO_PIC = NO;
				GCC_NO_COMMON_BLOCKS = YES;
				GCC_OPTIMIZATION_LEVEL = 0;
				GCC_PREPROCESSOR_DEFINITIONS = (
					"DEBUG=1",
					"$(inherited)",
				);
				GCC_WARN_64_TO_32_BIT_CONVERSION = YES;
				GCC_WARN_ABOUT_RETURN_TYPE = YES_ERROR;
				GCC_WARN_UNDECLARED_SELECTOR = YES;
				GCC_WARN_UNINITIALIZED_AUTOS = YES_AGGRESSIVE;
				GCC_WARN_UNUSED_FUNCTION = YES;
				GCC_WARN_UNUSED_VARIABLE = YES;
				IPHONEOS_DEPLOYMENT_TARGET = 9.0;
				MTL_ENABLE_DEBUG_INFO = YES;
				ONLY_ACTIVE_ARCH = YES;
				SDKROOT = iphoneos;
				SWIFT_OPTIMIZATION_LEVEL = "-Onone";
				TARGETED_DEVICE_FAMILY = "1,2";
			};
			name = Debug;
		};
		07A6BCEC1B815E65003EF8BD /* Release */ = {
			isa = XCBuildConfiguration;
			buildSettings = {
				ALWAYS_SEARCH_USER_PATHS = NO;
				CLANG_CXX_LANGUAGE_STANDARD = "gnu++0x";
				CLANG_CXX_LIBRARY = "libc++";
				CLANG_ENABLE_MODULES = YES;
				CLANG_ENABLE_OBJC_ARC = YES;
				CLANG_WARN_BOOL_CONVERSION = YES;
				CLANG_WARN_CONSTANT_CONVERSION = YES;
				CLANG_WARN_DIRECT_OBJC_ISA_USAGE = YES_ERROR;
				CLANG_WARN_EMPTY_BODY = YES;
				CLANG_WARN_ENUM_CONVERSION = YES;
				CLANG_WARN_INT_CONVERSION = YES;
				CLANG_WARN_OBJC_ROOT_CLASS = YES_ERROR;
				CLANG_WARN_UNREACHABLE_CODE = YES;
				CLANG_WARN__DUPLICATE_METHOD_MATCH = YES;
				"CODE_SIGN_IDENTITY[sdk=iphoneos*]" = "iPhone Developer";
				COPY_PHASE_STRIP = NO;
				DEBUG_INFORMATION_FORMAT = "dwarf-with-dsym";
				ENABLE_NS_ASSERTIONS = NO;
				ENABLE_STRICT_OBJC_MSGSEND = YES;
				GCC_C_LANGUAGE_STANDARD = gnu99;
				GCC_NO_COMMON_BLOCKS = YES;
				GCC_WARN_64_TO_32_BIT_CONVERSION = YES;
				GCC_WARN_ABOUT_RETURN_TYPE = YES_ERROR;
				GCC_WARN_UNDECLARED_SELECTOR = YES;
				GCC_WARN_UNINITIALIZED_AUTOS = YES_AGGRESSIVE;
				GCC_WARN_UNUSED_FUNCTION = YES;
				GCC_WARN_UNUSED_VARIABLE = YES;
				IPHONEOS_DEPLOYMENT_TARGET = 9.0;
				MTL_ENABLE_DEBUG_INFO = NO;
				SDKROOT = iphoneos;
				TARGETED_DEVICE_FAMILY = "1,2";
				VALIDATE_PRODUCT = YES;
			};
			name = Release;
		};
		07A6BCEE1B815E65003EF8BD /* Debug */ = {
			isa = XCBuildConfiguration;
			buildSettings = {
				ASSETCATALOG_COMPILER_APPICON_NAME = AppIcon;
				INFOPLIST_FILE = ContainerViewTest/Info.plist;
				IPHONEOS_DEPLOYMENT_TARGET = 8.4;
				LD_RUNPATH_SEARCH_PATHS = "$(inherited) @executable_path/Frameworks";
				PRODUCT_BUNDLE_IDENTIFIER = dicksLOL.ContainerViewTest;
				PRODUCT_NAME = "$(TARGET_NAME)";
			};
			name = Debug;
		};
		07A6BCEF1B815E65003EF8BD /* Release */ = {
			isa = XCBuildConfiguration;
			buildSettings = {
				ASSETCATALOG_COMPILER_APPICON_NAME = AppIcon;
				INFOPLIST_FILE = ContainerViewTest/Info.plist;
				IPHONEOS_DEPLOYMENT_TARGET = 8.4;
				LD_RUNPATH_SEARCH_PATHS = "$(inherited) @executable_path/Frameworks";
				PRODUCT_BUNDLE_IDENTIFIER = dicksLOL.ContainerViewTest;
				PRODUCT_NAME = "$(TARGET_NAME)";
			};
			name = Release;
		};
		07A6BCF11B815E65003EF8BD /* Debug */ = {
			isa = XCBuildConfiguration;
			buildSettings = {
				BUNDLE_LOADER = "$(TEST_HOST)";
				INFOPLIST_FILE = ContainerViewTestTests/Info.plist;
				LD_RUNPATH_SEARCH_PATHS = "$(inherited) @executable_path/Frameworks @loader_path/Frameworks";
				PRODUCT_BUNDLE_IDENTIFIER = dicksLOL.ContainerViewTestTests;
				PRODUCT_NAME = "$(TARGET_NAME)";
				TEST_HOST = "$(BUILT_PRODUCTS_DIR)/ContainerViewTest.app/ContainerViewTest";
			};
			name = Debug;
		};
		07A6BCF21B815E65003EF8BD /* Release */ = {
			isa = XCBuildConfiguration;
			buildSettings = {
				BUNDLE_LOADER = "$(TEST_HOST)";
				INFOPLIST_FILE = ContainerViewTestTests/Info.plist;
				LD_RUNPATH_SEARCH_PATHS = "$(inherited) @executable_path/Frameworks @loader_path/Frameworks";
				PRODUCT_BUNDLE_IDENTIFIER = dicksLOL.ContainerViewTestTests;
				PRODUCT_NAME = "$(TARGET_NAME)";
				TEST_HOST = "$(BUILT_PRODUCTS_DIR)/ContainerViewTest.app/ContainerViewTest";
			};
			name = Release;
		};
		07A6BCF41B815E65003EF8BD /* Debug */ = {
			isa = XCBuildConfiguration;
			buildSettings = {
				INFOPLIST_FILE = ContainerViewTestUITests/Info.plist;
				LD_RUNPATH_SEARCH_PATHS = "$(inherited) @executable_path/Frameworks @loader_path/Frameworks";
				PRODUCT_BUNDLE_IDENTIFIER = dicksLOL.ContainerViewTestUITests;
				PRODUCT_NAME = "$(TARGET_NAME)";
				TEST_TARGET_NAME = ContainerViewTest;
				USES_XCTRUNNER = YES;
			};
			name = Debug;
		};
		07A6BCF51B815E65003EF8BD /* Release */ = {
			isa = XCBuildConfiguration;
			buildSettings = {
				INFOPLIST_FILE = ContainerViewTestUITests/Info.plist;
				LD_RUNPATH_SEARCH_PATHS = "$(inherited) @executable_path/Frameworks @loader_path/Frameworks";
				PRODUCT_BUNDLE_IDENTIFIER = dicksLOL.ContainerViewTestUITests;
				PRODUCT_NAME = "$(TARGET_NAME)";
				TEST_TARGET_NAME = ContainerViewTest;
				USES_XCTRUNNER = YES;
			};
			name = Release;
		};
/* End XCBuildConfiguration section */

/* Begin XCConfigurationList section */
		07A6BCC01B815E65003EF8BD /* Build configuration list for PBXProject "ContainerViewTest" */ = {
			isa = XCConfigurationList;
			buildConfigurations = (
				07A6BCEB1B815E65003EF8BD /* Debug */,
				07A6BCEC1B815E65003EF8BD /* Release */,
			);
			defaultConfigurationIsVisible = 0;
			defaultConfigurationName = Release;
		};
		07A6BCED1B815E65003EF8BD /* Build configuration list for PBXNativeTarget "ContainerViewTest" */ = {
			isa = XCConfigurationList;
			buildConfigurations = (
				07A6BCEE1B815E65003EF8BD /* Debug */,
				07A6BCEF1B815E65003EF8BD /* Release */,
			);
			defaultConfigurationIsVisible = 0;
			defaultConfigurationName = Release;
		};
		07A6BCF01B815E65003EF8BD /* Build configuration list for PBXNativeTarget "ContainerViewTestTests" */ = {
			isa = XCConfigurationList;
			buildConfigurations = (
				07A6BCF11B815E65003EF8BD /* Debug */,
				07A6BCF21B815E65003EF8BD /* Release */,
			);
			defaultConfigurationIsVisible = 0;
			defaultConfigurationName = Release;
		};
		07A6BCF31B815E65003EF8BD /* Build configuration list for PBXNativeTarget "ContainerViewTestUITests" */ = {
			isa = XCConfigurationList;
			buildConfigurations = (
				07A6BCF41B815E65003EF8BD /* Debug */,
				07A6BCF51B815E65003EF8BD /* Release */,
			);
			defaultConfigurationIsVisible = 0;
			defaultConfigurationName = Release;
		};
/* End XCConfigurationList section */
	};
	rootObject = 07A6BCBD1B815E65003EF8BD /* Project object */;
}
